
Microsoft Visual Studio Solution File, Format Version 12.00
# Visual Studio Version 16
VisualStudioVersion = 16.0.30104.148
MinimumVisualStudioVersion = 10.0.40219.1
Project("{FAE04EC0-301F-11D3-BF4B-00C04F79EFBC}") = "ThePeopleSearch", "ThePeopleSearch.csproj", "{F085B431-D8FE-4FDF-9CD0-DB962D352543}"
EndProject
Project("{FAE04EC0-301F-11D3-BF4B-00C04F79EFBC}") = "ThePeopleSearch_Test", "..\ThePeopleSearch_Test\ThePeopleSearch_Test.csproj", "{47298B3E-2682-44F7-87EB-A8E07207849B}"
EndProject
Global
	GlobalSection(SolutionConfigurationPlatforms) = preSolution
		Debug|Any CPU = Debug|Any CPU
		Release|Any CPU = Release|Any CPU
	EndGlobalSection
	GlobalSection(ProjectConfigurationPlatforms) = postSolution
		{F085B431-D8FE-4FDF-9CD0-DB962D352543}.Debug|Any CPU.ActiveCfg = Debug|Any CPU
		{F085B431-D8FE-4FDF-9CD0-DB962D352543}.Debug|Any CPU.Build.0 = Debug|Any CPU
		{F085B431-D8FE-4FDF-9CD0-DB962D352543}.Release|Any CPU.ActiveCfg = Release|Any CPU
		{F085B431-D8FE-4FDF-9CD0-DB962D352543}.Release|Any CPU.Build.0 = Release|Any CPU
		{47298B3E-2682-44F7-87EB-A8E07207849B}.Debug|Any CPU.ActiveCfg = Debug|Any CPU
		{47298B3E-2682-44F7-87EB-A8E07207849B}.Debug|Any CPU.Build.0 = Debug|Any CPU
		{47298B3E-2682-44F7-87EB-A8E07207849B}.Release|Any CPU.ActiveCfg = Release|Any CPU
		{47298B3E-2682-44F7-87EB-A8E07207849B}.Release|Any CPU.Build.0 = Release|Any CPU
	EndGlobalSection
	GlobalSection(SolutionProperties) = preSolution
		HideSolutionNode = FALSE
	EndGlobalSection
	GlobalSection(ExtensibilityGlobals) = postSolution
		SolutionGuid = {8D573D99-EF1E-43E4-9FBE-E7911DE9557F}
	EndGlobalSection
EndGlobal
